// !$*UTF8*$!
{
	archiveVersion = 1;
	classes = {
	};
	objectVersion = 56;
	objects = {

/* Begin PBXBuildFile section */
		4B0A762A2C2B24A400E5FB65 /* ChatLogView.swift in Sources */ = {isa = PBXBuildFile; fileRef = 4B0A76292C2B24A400E5FB65 /* ChatLogView.swift */; };
		4B6610BE2C25CEEE007B30F8 /* SDWebImageSwiftUI in Frameworks */ = {isa = PBXBuildFile; productRef = 4B6610BD2C25CEEE007B30F8 /* SDWebImageSwiftUI */; };
		4B6610C02C25F21C007B30F8 /* FirebaseManager.swift in Sources */ = {isa = PBXBuildFile; fileRef = 4B6610BF2C25F21C007B30F8 /* FirebaseManager.swift */; };
		4B6610C52C29C02B007B30F8 /* NewMessageView.swift in Sources */ = {isa = PBXBuildFile; fileRef = 4B6610C42C29C02B007B30F8 /* NewMessageView.swift */; };
		4B6610C72C29C886007B30F8 /* NewMessageViewModel.swift in Sources */ = {isa = PBXBuildFile; fileRef = 4B6610C62C29C886007B30F8 /* NewMessageViewModel.swift */; };
		4B69CD602C1CC72100F7621F /* TestChatApp.swift in Sources */ = {isa = PBXBuildFile; fileRef = 4B69CD5F2C1CC72100F7621F /* TestChatApp.swift */; };
		4B69CD642C1CC72200F7621F /* Assets.xcassets in Resources */ = {isa = PBXBuildFile; fileRef = 4B69CD632C1CC72200F7621F /* Assets.xcassets */; };
		4B69CD672C1CC72200F7621F /* Preview Assets.xcassets in Resources */ = {isa = PBXBuildFile; fileRef = 4B69CD662C1CC72200F7621F /* Preview Assets.xcassets */; };
		4B69CD762C1DCBF200F7621F /* LoginView.swift in Sources */ = {isa = PBXBuildFile; fileRef = 4B69CD752C1DCBF200F7621F /* LoginView.swift */; };
		4B69CD782C1DD6B600F7621F /* PasswordField.swift in Sources */ = {isa = PBXBuildFile; fileRef = 4B69CD772C1DD6B600F7621F /* PasswordField.swift */; };
		4B69CD7C2C1DE57500F7621F /* CustomButton.swift in Sources */ = {isa = PBXBuildFile; fileRef = 4B69CD7B2C1DE57500F7621F /* CustomButton.swift */; };
		4B69CD852C1EB34F00F7621F /* ImagePicker.swift in Sources */ = {isa = PBXBuildFile; fileRef = 4B69CD842C1EB34F00F7621F /* ImagePicker.swift */; };
		4B69CDA52C209E6800F7621F /* GoogleService-Info.plist in Resources */ = {isa = PBXBuildFile; fileRef = 4B69CDA42C209E6800F7621F /* GoogleService-Info.plist */; };
		4B69CDA82C209EB800F7621F /* FirebaseAuth in Frameworks */ = {isa = PBXBuildFile; productRef = 4B69CDA72C209EB800F7621F /* FirebaseAuth */; };
		4B69CDAA2C209EB800F7621F /* FirebaseFirestore in Frameworks */ = {isa = PBXBuildFile; productRef = 4B69CDA92C209EB800F7621F /* FirebaseFirestore */; };
		4B69CDAC2C209EB800F7621F /* FirebaseStorage in Frameworks */ = {isa = PBXBuildFile; productRef = 4B69CDAB2C209EB800F7621F /* FirebaseStorage */; };
		4B69CDAF2C21DD3400F7621F /* MainMessageView.swift in Sources */ = {isa = PBXBuildFile; fileRef = 4B69CDAE2C21DD3400F7621F /* MainMessageView.swift */; };
		4B69CDB12C231F9E00F7621F /* MessageButton.swift in Sources */ = {isa = PBXBuildFile; fileRef = 4B69CDB02C231F9E00F7621F /* MessageButton.swift */; };
		4B69CDB32C23210400F7621F /* MessageNavBar.swift in Sources */ = {isa = PBXBuildFile; fileRef = 4B69CDB22C23210400F7621F /* MessageNavBar.swift */; };
		4B69CDB52C232E8A00F7621F /* MainMessageViewModel.swift in Sources */ = {isa = PBXBuildFile; fileRef = 4B69CDB42C232E8A00F7621F /* MainMessageViewModel.swift */; };
		4B69CDB72C232F0B00F7621F /* ChatUser.swift in Sources */ = {isa = PBXBuildFile; fileRef = 4B69CDB62C232F0B00F7621F /* ChatUser.swift */; };
		4BD975132C2C61D40037FE1A /* ChatLogViewModel.swift in Sources */ = {isa = PBXBuildFile; fileRef = 4BD975122C2C61D40037FE1A /* ChatLogViewModel.swift */; };
/* End PBXBuildFile section */

/* Begin PBXFileReference section */
		4B0A76292C2B24A400E5FB65 /* ChatLogView.swift */ = {isa = PBXFileReference; lastKnownFileType = sourcecode.swift; path = ChatLogView.swift; sourceTree = "<group>"; };
		4B6610BF2C25F21C007B30F8 /* FirebaseManager.swift */ = {isa = PBXFileReference; lastKnownFileType = sourcecode.swift; path = FirebaseManager.swift; sourceTree = "<group>"; };
		4B6610C42C29C02B007B30F8 /* NewMessageView.swift */ = {isa = PBXFileReference; lastKnownFileType = sourcecode.swift; path = NewMessageView.swift; sourceTree = "<group>"; };
		4B6610C62C29C886007B30F8 /* NewMessageViewModel.swift */ = {isa = PBXFileReference; lastKnownFileType = sourcecode.swift; path = NewMessageViewModel.swift; sourceTree = "<group>"; };
		4B69CD5C2C1CC72100F7621F /* TestChat.app */ = {isa = PBXFileReference; explicitFileType = wrapper.application; includeInIndex = 0; path = TestChat.app; sourceTree = BUILT_PRODUCTS_DIR; };
		4B69CD5F2C1CC72100F7621F /* TestChatApp.swift */ = {isa = PBXFileReference; lastKnownFileType = sourcecode.swift; path = TestChatApp.swift; sourceTree = "<group>"; };
		4B69CD632C1CC72200F7621F /* Assets.xcassets */ = {isa = PBXFileReference; lastKnownFileType = folder.assetcatalog; path = Assets.xcassets; sourceTree = "<group>"; };
		4B69CD662C1CC72200F7621F /* Preview Assets.xcassets */ = {isa = PBXFileReference; lastKnownFileType = folder.assetcatalog; path = "Preview Assets.xcassets"; sourceTree = "<group>"; };
		4B69CD752C1DCBF200F7621F /* LoginView.swift */ = {isa = PBXFileReference; lastKnownFileType = sourcecode.swift; path = LoginView.swift; sourceTree = "<group>"; };
		4B69CD772C1DD6B600F7621F /* PasswordField.swift */ = {isa = PBXFileReference; lastKnownFileType = sourcecode.swift; path = PasswordField.swift; sourceTree = "<group>"; };
		4B69CD7B2C1DE57500F7621F /* CustomButton.swift */ = {isa = PBXFileReference; lastKnownFileType = sourcecode.swift; path = CustomButton.swift; sourceTree = "<group>"; };
		4B69CD842C1EB34F00F7621F /* ImagePicker.swift */ = {isa = PBXFileReference; lastKnownFileType = sourcecode.swift; path = ImagePicker.swift; sourceTree = "<group>"; };
		4B69CDA42C209E6800F7621F /* GoogleService-Info.plist */ = {isa = PBXFileReference; fileEncoding = 4; lastKnownFileType = text.plist.xml; path = "GoogleService-Info.plist"; sourceTree = "<group>"; };
		4B69CDAE2C21DD3400F7621F /* MainMessageView.swift */ = {isa = PBXFileReference; lastKnownFileType = sourcecode.swift; path = MainMessageView.swift; sourceTree = "<group>"; };
		4B69CDB02C231F9E00F7621F /* MessageButton.swift */ = {isa = PBXFileReference; lastKnownFileType = sourcecode.swift; path = MessageButton.swift; sourceTree = "<group>"; };
		4B69CDB22C23210400F7621F /* MessageNavBar.swift */ = {isa = PBXFileReference; lastKnownFileType = sourcecode.swift; path = MessageNavBar.swift; sourceTree = "<group>"; };
		4B69CDB42C232E8A00F7621F /* MainMessageViewModel.swift */ = {isa = PBXFileReference; lastKnownFileType = sourcecode.swift; path = MainMessageViewModel.swift; sourceTree = "<group>"; };
		4B69CDB62C232F0B00F7621F /* ChatUser.swift */ = {isa = PBXFileReference; lastKnownFileType = sourcecode.swift; path = ChatUser.swift; sourceTree = "<group>"; };
		4BD975122C2C61D40037FE1A /* ChatLogViewModel.swift */ = {isa = PBXFileReference; lastKnownFileType = sourcecode.swift; path = ChatLogViewModel.swift; sourceTree = "<group>"; };
/* End PBXFileReference section */

/* Begin PBXFrameworksBuildPhase section */
		4B69CD592C1CC72100F7621F /* Frameworks */ = {
			isa = PBXFrameworksBuildPhase;
			buildActionMask = 2147483647;
			files = (
				4B6610BE2C25CEEE007B30F8 /* SDWebImageSwiftUI in Frameworks */,
				4B69CDA82C209EB800F7621F /* FirebaseAuth in Frameworks */,
				4B69CDAA2C209EB800F7621F /* FirebaseFirestore in Frameworks */,
				4B69CDAC2C209EB800F7621F /* FirebaseStorage in Frameworks */,
			);
			runOnlyForDeploymentPostprocessing = 0;
		};
/* End PBXFrameworksBuildPhase section */

/* Begin PBXGroup section */
		4B0A76282C2B248A00E5FB65 /* ChatLog */ = {
			isa = PBXGroup;
			children = (
				4B0A76292C2B24A400E5FB65 /* ChatLogView.swift */,
			);
			path = ChatLog;
			sourceTree = "<group>";
		};
		4B69CD532C1CC72100F7621F = {
			isa = PBXGroup;
			children = (
				4B69CD5E2C1CC72100F7621F /* TestChat */,
				4B69CD5D2C1CC72100F7621F /* Products */,
			);
			sourceTree = "<group>";
		};
		4B69CD5D2C1CC72100F7621F /* Products */ = {
			isa = PBXGroup;
			children = (
				4B69CD5C2C1CC72100F7621F /* TestChat.app */,
			);
			name = Products;
			sourceTree = "<group>";
		};
		4B69CD5E2C1CC72100F7621F /* TestChat */ = {
			isa = PBXGroup;
			children = (
				4B69CD5F2C1CC72100F7621F /* TestChatApp.swift */,
				4B69CD6F2C1CC90300F7621F /* Views */,
				4B69CD6E2C1CC8F800F7621F /* ViewModel */,
				4B69CD6D2C1CC8EA00F7621F /* Model */,
				4B69CD702C1CC91100F7621F /* Components */,
				4B69CD712C1CC91B00F7621F /* Extensions */,
				4B69CD632C1CC72200F7621F /* Assets.xcassets */,
				4B69CDA42C209E6800F7621F /* GoogleService-Info.plist */,
				4B69CD652C1CC72200F7621F /* Preview Content */,
			);
			path = TestChat;
			sourceTree = "<group>";
		};
		4B69CD652C1CC72200F7621F /* Preview Content */ = {
			isa = PBXGroup;
			children = (
				4B69CD662C1CC72200F7621F /* Preview Assets.xcassets */,
			);
			path = "Preview Content";
			sourceTree = "<group>";
		};
		4B69CD6D2C1CC8EA00F7621F /* Model */ = {
			isa = PBXGroup;
			children = (
				4B69CDB62C232F0B00F7621F /* ChatUser.swift */,
			);
			path = Model;
			sourceTree = "<group>";
		};
		4B69CD6E2C1CC8F800F7621F /* ViewModel */ = {
			isa = PBXGroup;
			children = (
				4B69CDB42C232E8A00F7621F /* MainMessageViewModel.swift */,
				4B6610C62C29C886007B30F8 /* NewMessageViewModel.swift */,
				4BD975122C2C61D40037FE1A /* ChatLogViewModel.swift */,
			);
			path = ViewModel;
			sourceTree = "<group>";
		};
		4B69CD6F2C1CC90300F7621F /* Views */ = {
			isa = PBXGroup;
			children = (
				4B0A76282C2B248A00E5FB65 /* ChatLog */,
				4B69CDAD2C21DD0800F7621F /* Messages */,
				4B69CD742C1DCBDD00F7621F /* LoginView */,
			);
			path = Views;
			sourceTree = "<group>";
		};
		4B69CD702C1CC91100F7621F /* Components */ = {
			isa = PBXGroup;
			children = (
				4B69CD7B2C1DE57500F7621F /* CustomButton.swift */,
			);
			path = Components;
			sourceTree = "<group>";
		};
		4B69CD712C1CC91B00F7621F /* Extensions */ = {
			isa = PBXGroup;
			children = (
				4B69CD842C1EB34F00F7621F /* ImagePicker.swift */,
				4B6610BF2C25F21C007B30F8 /* FirebaseManager.swift */,
			);
			path = Extensions;
			sourceTree = "<group>";
		};
		4B69CD742C1DCBDD00F7621F /* LoginView */ = {
			isa = PBXGroup;
			children = (
				4B69CD752C1DCBF200F7621F /* LoginView.swift */,
				4B69CD772C1DD6B600F7621F /* PasswordField.swift */,
			);
			path = LoginView;
			sourceTree = "<group>";
		};
		4B69CDAD2C21DD0800F7621F /* Messages */ = {
			isa = PBXGroup;
			children = (
				4B6610C42C29C02B007B30F8 /* NewMessageView.swift */,
				4B69CDAE2C21DD3400F7621F /* MainMessageView.swift */,
				4B69CDB02C231F9E00F7621F /* MessageButton.swift */,
				4B69CDB22C23210400F7621F /* MessageNavBar.swift */,
			);
			path = Messages;
			sourceTree = "<group>";
		};
/* End PBXGroup section */

/* Begin PBXNativeTarget section */
		4B69CD5B2C1CC72100F7621F /* TestChat */ = {
			isa = PBXNativeTarget;
			buildConfigurationList = 4B69CD6A2C1CC72200F7621F /* Build configuration list for PBXNativeTarget "TestChat" */;
			buildPhases = (
				4B69CD582C1CC72100F7621F /* Sources */,
				4B69CD592C1CC72100F7621F /* Frameworks */,
				4B69CD5A2C1CC72100F7621F /* Resources */,
			);
			buildRules = (
			);
			dependencies = (
			);
			name = TestChat;
			packageProductDependencies = (
				4B69CDA72C209EB800F7621F /* FirebaseAuth */,
				4B69CDA92C209EB800F7621F /* FirebaseFirestore */,
				4B69CDAB2C209EB800F7621F /* FirebaseStorage */,
				4B6610BD2C25CEEE007B30F8 /* SDWebImageSwiftUI */,
			);
			productName = TestChat;
			productReference = 4B69CD5C2C1CC72100F7621F /* TestChat.app */;
			productType = "com.apple.product-type.application";
		};
/* End PBXNativeTarget section */

/* Begin PBXProject section */
		4B69CD542C1CC72100F7621F /* Project object */ = {
			isa = PBXProject;
			attributes = {
				BuildIndependentTargetsInParallel = 1;
				LastSwiftUpdateCheck = 1540;
				LastUpgradeCheck = 1540;
				TargetAttributes = {
					4B69CD5B2C1CC72100F7621F = {
						CreatedOnToolsVersion = 15.4;
					};
				};
			};
			buildConfigurationList = 4B69CD572C1CC72100F7621F /* Build configuration list for PBXProject "TestChat" */;
			compatibilityVersion = "Xcode 14.0";
			developmentRegion = en;
			hasScannedForEncodings = 0;
			knownRegions = (
				en,
				Base,
			);
			mainGroup = 4B69CD532C1CC72100F7621F;
			packageReferences = (
				4B69CDA62C209EB800F7621F /* XCRemoteSwiftPackageReference "firebase-ios-sdk" */,
				4B6610BC2C25CEED007B30F8 /* XCRemoteSwiftPackageReference "SDWebImageSwiftUI" */,
			);
			productRefGroup = 4B69CD5D2C1CC72100F7621F /* Products */;
			projectDirPath = "";
			projectRoot = "";
			targets = (
				4B69CD5B2C1CC72100F7621F /* TestChat */,
			);
		};
/* End PBXProject section */

/* Begin PBXResourcesBuildPhase section */
		4B69CD5A2C1CC72100F7621F /* Resources */ = {
			isa = PBXResourcesBuildPhase;
			buildActionMask = 2147483647;
			files = (
				4B69CD672C1CC72200F7621F /* Preview Assets.xcassets in Resources */,
				4B69CD642C1CC72200F7621F /* Assets.xcassets in Resources */,
				4B69CDA52C209E6800F7621F /* GoogleService-Info.plist in Resources */,
			);
			runOnlyForDeploymentPostprocessing = 0;
		};
/* End PBXResourcesBuildPhase section */

/* Begin PBXSourcesBuildPhase section */
		4B69CD582C1CC72100F7621F /* Sources */ = {
			isa = PBXSourcesBuildPhase;
			buildActionMask = 2147483647;
			files = (
				4B6610C02C25F21C007B30F8 /* FirebaseManager.swift in Sources */,
				4B69CD762C1DCBF200F7621F /* LoginView.swift in Sources */,
				4B69CD782C1DD6B600F7621F /* PasswordField.swift in Sources */,
				4B69CDB72C232F0B00F7621F /* ChatUser.swift in Sources */,
				4B69CDB32C23210400F7621F /* MessageNavBar.swift in Sources */,
				4B6610C72C29C886007B30F8 /* NewMessageViewModel.swift in Sources */,
				4B6610C52C29C02B007B30F8 /* NewMessageView.swift in Sources */,
				4B69CD852C1EB34F00F7621F /* ImagePicker.swift in Sources */,
				4B69CDAF2C21DD3400F7621F /* MainMessageView.swift in Sources */,
				4B69CD602C1CC72100F7621F /* TestChatApp.swift in Sources */,
				4B69CD7C2C1DE57500F7621F /* CustomButton.swift in Sources */,
				4BD975132C2C61D40037FE1A /* ChatLogViewModel.swift in Sources */,
				4B0A762A2C2B24A400E5FB65 /* ChatLogView.swift in Sources */,
				4B69CDB12C231F9E00F7621F /* MessageButton.swift in Sources */,
				4B69CDB52C232E8A00F7621F /* MainMessageViewModel.swift in Sources */,
			);
			runOnlyForDeploymentPostprocessing = 0;
		};
/* End PBXSourcesBuildPhase section */

/* Begin XCBuildConfiguration section */
		4B69CD682C1CC72200F7621F /* Debug */ = {
			isa = XCBuildConfiguration;
			buildSettings = {
				ALWAYS_SEARCH_USER_PATHS = NO;
				ASSETCATALOG_COMPILER_GENERATE_SWIFT_ASSET_SYMBOL_EXTENSIONS = YES;
				CLANG_ANALYZER_NONNULL = YES;
				CLANG_ANALYZER_NUMBER_OBJECT_CONVERSION = YES_AGGRESSIVE;
				CLANG_CXX_LANGUAGE_STANDARD = "gnu++20";
				CLANG_ENABLE_MODULES = YES;
				CLANG_ENABLE_OBJC_ARC = YES;
				CLANG_ENABLE_OBJC_WEAK = YES;
				CLANG_WARN_BLOCK_CAPTURE_AUTORELEASING = YES;
				CLANG_WARN_BOOL_CONVERSION = YES;
				CLANG_WARN_COMMA = YES;
				CLANG_WARN_CONSTANT_CONVERSION = YES;
				CLANG_WARN_DEPRECATED_OBJC_IMPLEMENTATIONS = YES;
				CLANG_WARN_DIRECT_OBJC_ISA_USAGE = YES_ERROR;
				CLANG_WARN_DOCUMENTATION_COMMENTS = YES;
				CLANG_WARN_EMPTY_BODY = YES;
				CLANG_WARN_ENUM_CONVERSION = YES;
				CLANG_WARN_INFINITE_RECURSION = YES;
				CLANG_WARN_INT_CONVERSION = YES;
				CLANG_WARN_NON_LITERAL_NULL_CONVERSION = YES;
				CLANG_WARN_OBJC_IMPLICIT_RETAIN_SELF = YES;
				CLANG_WARN_OBJC_LITERAL_CONVERSION = YES;
				CLANG_WARN_OBJC_ROOT_CLASS = YES_ERROR;
				CLANG_WARN_QUOTED_INCLUDE_IN_FRAMEWORK_HEADER = YES;
				CLANG_WARN_RANGE_LOOP_ANALYSIS = YES;
				CLANG_WARN_STRICT_PROTOTYPES = YES;
				CLANG_WARN_SUSPICIOUS_MOVE = YES;
				CLANG_WARN_UNGUARDED_AVAILABILITY = YES_AGGRESSIVE;
				CLANG_WARN_UNREACHABLE_CODE = YES;
				CLANG_WARN__DUPLICATE_METHOD_MATCH = YES;
				COPY_PHASE_STRIP = NO;
				DEBUG_INFORMATION_FORMAT = dwarf;
				ENABLE_STRICT_OBJC_MSGSEND = YES;
				ENABLE_TESTABILITY = YES;
				ENABLE_USER_SCRIPT_SANDBOXING = YES;
				GCC_C_LANGUAGE_STANDARD = gnu17;
				GCC_DYNAMIC_NO_PIC = NO;
				GCC_NO_COMMON_BLOCKS = YES;
				GCC_OPTIMIZATION_LEVEL = 0;
				GCC_PREPROCESSOR_DEFINITIONS = (
					"DEBUG=1",
					"$(inherited)",
				);
				GCC_WARN_64_TO_32_BIT_CONVERSION = YES;
				GCC_WARN_ABOUT_RETURN_TYPE = YES_ERROR;
				GCC_WARN_UNDECLARED_SELECTOR = YES;
				GCC_WARN_UNINITIALIZED_AUTOS = YES_AGGRESSIVE;
				GCC_WARN_UNUSED_FUNCTION = YES;
				GCC_WARN_UNUSED_VARIABLE = YES;
				IPHONEOS_DEPLOYMENT_TARGET = 17.5;
				LOCALIZATION_PREFERS_STRING_CATALOGS = YES;
				MTL_ENABLE_DEBUG_INFO = INCLUDE_SOURCE;
				MTL_FAST_MATH = YES;
				ONLY_ACTIVE_ARCH = YES;
				SDKROOT = iphoneos;
				SWIFT_ACTIVE_COMPILATION_CONDITIONS = "DEBUG $(inherited)";
				SWIFT_OPTIMIZATION_LEVEL = "-Onone";
			};
			name = Debug;
		};
		4B69CD692C1CC72200F7621F /* Release */ = {
			isa = XCBuildConfiguration;
			buildSettings = {
				ALWAYS_SEARCH_USER_PATHS = NO;
				ASSETCATALOG_COMPILER_GENERATE_SWIFT_ASSET_SYMBOL_EXTENSIONS = YES;
				CLANG_ANALYZER_NONNULL = YES;
				CLANG_ANALYZER_NUMBER_OBJECT_CONVERSION = YES_AGGRESSIVE;
				CLANG_CXX_LANGUAGE_STANDARD = "gnu++20";
				CLANG_ENABLE_MODULES = YES;
				CLANG_ENABLE_OBJC_ARC = YES;
				CLANG_ENABLE_OBJC_WEAK = YES;
				CLANG_WARN_BLOCK_CAPTURE_AUTORELEASING = YES;
				CLANG_WARN_BOOL_CONVERSION = YES;
				CLANG_WARN_COMMA = YES;
				CLANG_WARN_CONSTANT_CONVERSION = YES;
				CLANG_WARN_DEPRECATED_OBJC_IMPLEMENTATIONS = YES;
				CLANG_WARN_DIRECT_OBJC_ISA_USAGE = YES_ERROR;
				CLANG_WARN_DOCUMENTATION_COMMENTS = YES;
				CLANG_WARN_EMPTY_BODY = YES;
				CLANG_WARN_ENUM_CONVERSION = YES;
				CLANG_WARN_INFINITE_RECURSION = YES;
				CLANG_WARN_INT_CONVERSION = YES;
				CLANG_WARN_NON_LITERAL_NULL_CONVERSION = YES;
				CLANG_WARN_OBJC_IMPLICIT_RETAIN_SELF = YES;
				CLANG_WARN_OBJC_LITERAL_CONVERSION = YES;
				CLANG_WARN_OBJC_ROOT_CLASS = YES_ERROR;
				CLANG_WARN_QUOTED_INCLUDE_IN_FRAMEWORK_HEADER = YES;
				CLANG_WARN_RANGE_LOOP_ANALYSIS = YES;
				CLANG_WARN_STRICT_PROTOTYPES = YES;
				CLANG_WARN_SUSPICIOUS_MOVE = YES;
				CLANG_WARN_UNGUARDED_AVAILABILITY = YES_AGGRESSIVE;
				CLANG_WARN_UNREACHABLE_CODE = YES;
				CLANG_WARN__DUPLICATE_METHOD_MATCH = YES;
				COPY_PHASE_STRIP = NO;
				DEBUG_INFORMATION_FORMAT = "dwarf-with-dsym";
				ENABLE_NS_ASSERTIONS = NO;
				ENABLE_STRICT_OBJC_MSGSEND = YES;
				ENABLE_USER_SCRIPT_SANDBOXING = YES;
				GCC_C_LANGUAGE_STANDARD = gnu17;
				GCC_NO_COMMON_BLOCKS = YES;
				GCC_WARN_64_TO_32_BIT_CONVERSION = YES;
				GCC_WARN_ABOUT_RETURN_TYPE = YES_ERROR;
				GCC_WARN_UNDECLARED_SELECTOR = YES;
				GCC_WARN_UNINITIALIZED_AUTOS = YES_AGGRESSIVE;
				GCC_WARN_UNUSED_FUNCTION = YES;
				GCC_WARN_UNUSED_VARIABLE = YES;
				IPHONEOS_DEPLOYMENT_TARGET = 17.5;
				LOCALIZATION_PREFERS_STRING_CATALOGS = YES;
				MTL_ENABLE_DEBUG_INFO = NO;
				MTL_FAST_MATH = YES;
				SDKROOT = iphoneos;
				SWIFT_COMPILATION_MODE = wholemodule;
				VALIDATE_PRODUCT = YES;
			};
			name = Release;
		};
		4B69CD6B2C1CC72200F7621F /* Debug */ = {
			isa = XCBuildConfiguration;
			buildSettings = {
				ASSETCATALOG_COMPILER_APPICON_NAME = AppIcon;
				"ASSETCATALOG_COMPILER_APPICON_NAME[sdk=iphoneos*]" = AppIcon;
				ASSETCATALOG_COMPILER_GLOBAL_ACCENT_COLOR_NAME = AccentColor;
				ASSETCATALOG_COMPILER_INCLUDE_ALL_APPICON_ASSETS = NO;
				CODE_SIGN_STYLE = Automatic;
				CURRENT_PROJECT_VERSION = 1;
				DEVELOPMENT_ASSET_PATHS = "\"TestChat/Preview Content\"";
				DEVELOPMENT_TEAM = QT3T249ZHN;
				ENABLE_PREVIEWS = YES;
				GENERATE_INFOPLIST_FILE = YES;
				INFOPLIST_KEY_CFBundleDisplayName = TestChat;
				INFOPLIST_KEY_LSApplicationCategoryType = "public.app-category.social-networking";
				INFOPLIST_KEY_UIApplicationSceneManifest_Generation = YES;
				INFOPLIST_KEY_UIApplicationSupportsIndirectInputEvents = YES;
				INFOPLIST_KEY_UILaunchScreen_Generation = YES;
				INFOPLIST_KEY_UISupportedInterfaceOrientations = UIInterfaceOrientationPortrait;
				INFOPLIST_KEY_UISupportedInterfaceOrientations_iPad = "UIInterfaceOrientationLandscapeLeft UIInterfaceOrientationLandscapeRight UIInterfaceOrientationPortrait UIInterfaceOrientationPortraitUpsideDown";
				LD_RUNPATH_SEARCH_PATHS = (
					"$(inherited)",
					"@executable_path/Frameworks",
				);
				MARKETING_VERSION = 1.0;
				PRODUCT_BUNDLE_IDENTIFIER = master.TestChat;
				PRODUCT_NAME = "$(TARGET_NAME)";
				SUPPORTED_PLATFORMS = "iphoneos iphonesimulator";
				SUPPORTS_MACCATALYST = NO;
				SUPPORTS_MAC_DESIGNED_FOR_IPHONE_IPAD = NO;
				SUPPORTS_XR_DESIGNED_FOR_IPHONE_IPAD = NO;
				SWIFT_EMIT_LOC_STRINGS = YES;
				SWIFT_VERSION = 5.0;
				TARGETED_DEVICE_FAMILY = 1;
			};
			name = Debug;
		};
		4B69CD6C2C1CC72200F7621F /* Release */ = {
			isa = XCBuildConfiguration;
			buildSettings = {
				ASSETCATALOG_COMPILER_APPICON_NAME = AppIcon;
				ASSETCATALOG_COMPILER_GLOBAL_ACCENT_COLOR_NAME = AccentColor;
				ASSETCATALOG_COMPILER_INCLUDE_ALL_APPICON_ASSETS = NO;
				CODE_SIGN_STYLE = Automatic;
				CURRENT_PROJECT_VERSION = 1;
				DEVELOPMENT_ASSET_PATHS = "\"TestChat/Preview Content\"";
				DEVELOPMENT_TEAM = QT3T249ZHN;
				ENABLE_PREVIEWS = YES;
				GENERATE_INFOPLIST_FILE = YES;
				INFOPLIST_KEY_CFBundleDisplayName = TestChat;
				INFOPLIST_KEY_LSApplicationCategoryType = "public.app-category.social-networking";
				INFOPLIST_KEY_UIApplicationSceneManifest_Generation = YES;
				INFOPLIST_KEY_UIApplicationSupportsIndirectInputEvents = YES;
				INFOPLIST_KEY_UILaunchScreen_Generation = YES;
				INFOPLIST_KEY_UISupportedInterfaceOrientations = UIInterfaceOrientationPortrait;
				INFOPLIST_KEY_UISupportedInterfaceOrientations_iPad = "UIInterfaceOrientationLandscapeLeft UIInterfaceOrientationLandscapeRight UIInterfaceOrientationPortrait UIInterfaceOrientationPortraitUpsideDown";
				LD_RUNPATH_SEARCH_PATHS = (
					"$(inherited)",
					"@executable_path/Frameworks",
				);
				MARKETING_VERSION = 1.0;
				PRODUCT_BUNDLE_IDENTIFIER = master.TestChat;
				PRODUCT_NAME = "$(TARGET_NAME)";
				SUPPORTED_PLATFORMS = "iphoneos iphonesimulator";
				SUPPORTS_MACCATALYST = NO;
				SUPPORTS_MAC_DESIGNED_FOR_IPHONE_IPAD = NO;
				SUPPORTS_XR_DESIGNED_FOR_IPHONE_IPAD = NO;
				SWIFT_EMIT_LOC_STRINGS = YES;
				SWIFT_VERSION = 5.0;
				TARGETED_DEVICE_FAMILY = 1;
			};
			name = Release;
		};
/* End XCBuildConfiguration section */

/* Begin XCConfigurationList section */
		4B69CD572C1CC72100F7621F /* Build configuration list for PBXProject "TestChat" */ = {
			isa = XCConfigurationList;
			buildConfigurations = (
				4B69CD682C1CC72200F7621F /* Debug */,
				4B69CD692C1CC72200F7621F /* Release */,
			);
			defaultConfigurationIsVisible = 0;
			defaultConfigurationName = Release;
		};
		4B69CD6A2C1CC72200F7621F /* Build configuration list for PBXNativeTarget "TestChat" */ = {
			isa = XCConfigurationList;
			buildConfigurations = (
				4B69CD6B2C1CC72200F7621F /* Debug */,
				4B69CD6C2C1CC72200F7621F /* Release */,
			);
			defaultConfigurationIsVisible = 0;
			defaultConfigurationName = Release;
		};
/* End XCConfigurationList section */

/* Begin XCRemoteSwiftPackageReference section */
		4B6610BC2C25CEED007B30F8 /* XCRemoteSwiftPackageReference "SDWebImageSwiftUI" */ = {
			isa = XCRemoteSwiftPackageReference;
			repositoryURL = "https://github.com/SDWebImage/SDWebImageSwiftUI";
			requirement = {
				kind = upToNextMajorVersion;
				minimumVersion = 3.0.4;
			};
		};
		4B69CDA62C209EB800F7621F /* XCRemoteSwiftPackageReference "firebase-ios-sdk" */ = {
			isa = XCRemoteSwiftPackageReference;
			repositoryURL = "https://github.com/firebase/firebase-ios-sdk.git";
			requirement = {
				kind = upToNextMajorVersion;
				minimumVersion = 10.28.0;
			};
		};
/* End XCRemoteSwiftPackageReference section */

/* Begin XCSwiftPackageProductDependency section */
		4B6610BD2C25CEEE007B30F8 /* SDWebImageSwiftUI */ = {
			isa = XCSwiftPackageProductDependency;
			package = 4B6610BC2C25CEED007B30F8 /* XCRemoteSwiftPackageReference "SDWebImageSwiftUI" */;
			productName = SDWebImageSwiftUI;
		};
		4B69CDA72C209EB800F7621F /* FirebaseAuth */ = {
			isa = XCSwiftPackageProductDependency;
			package = 4B69CDA62C209EB800F7621F /* XCRemoteSwiftPackageReference "firebase-ios-sdk" */;
			productName = FirebaseAuth;
		};
		4B69CDA92C209EB800F7621F /* FirebaseFirestore */ = {
			isa = XCSwiftPackageProductDependency;
			package = 4B69CDA62C209EB800F7621F /* XCRemoteSwiftPackageReference "firebase-ios-sdk" */;
			productName = FirebaseFirestore;
		};
		4B69CDAB2C209EB800F7621F /* FirebaseStorage */ = {
			isa = XCSwiftPackageProductDependency;
			package = 4B69CDA62C209EB800F7621F /* XCRemoteSwiftPackageReference "firebase-ios-sdk" */;
			productName = FirebaseStorage;
		};
/* End XCSwiftPackageProductDependency section */
	};
	rootObject = 4B69CD542C1CC72100F7621F /* Project object */;
}
